// !$*UTF8*$!
{
	archiveVersion = 1;
	classes = {
	};
	objectVersion = 46;
	objects = {

/* Begin PBXBuildFile section */
		2A6209201B95288600610633 /* MooHTTPCommunication.m in Sources */ = {isa = PBXBuildFile; fileRef = 2A62091E1B95288600610633 /* MooHTTPCommunication.m */; };
		2A6209231B95291700610633 /* OpenFileViewController.m in Sources */ = {isa = PBXBuildFile; fileRef = 2A6209221B95291700610633 /* OpenFileViewController.m */; };
		2A6209261B95681900610633 /* IDViewController.m in Sources */ = {isa = PBXBuildFile; fileRef = 2A6209251B95681900610633 /* IDViewController.m */; };
		2ABE75771B9419E600298EE9 /* main.m in Sources */ = {isa = PBXBuildFile; fileRef = 2ABE75761B9419E600298EE9 /* main.m */; };
		2ABE757A1B9419E600298EE9 /* AppDelegate.m in Sources */ = {isa = PBXBuildFile; fileRef = 2ABE75791B9419E600298EE9 /* AppDelegate.m */; };
		2ABE75801B9419E600298EE9 /* Main.storyboard in Resources */ = {isa = PBXBuildFile; fileRef = 2ABE757E1B9419E600298EE9 /* Main.storyboard */; };
		2ABE75821B9419E600298EE9 /* Images.xcassets in Resources */ = {isa = PBXBuildFile; fileRef = 2ABE75811B9419E600298EE9 /* Images.xcassets */; };
		2ABE75851B9419E600298EE9 /* LaunchScreen.xib in Resources */ = {isa = PBXBuildFile; fileRef = 2ABE75831B9419E600298EE9 /* LaunchScreen.xib */; };
		2ABE75911B9419E600298EE9 /* BroadcastBeaconTests.m in Sources */ = {isa = PBXBuildFile; fileRef = 2ABE75901B9419E600298EE9 /* BroadcastBeaconTests.m */; };
		2ABE759C1B941A1000298EE9 /* MonitoringHomeTableViewController.m in Sources */ = {isa = PBXBuildFile; fileRef = 2ABE759B1B941A1000298EE9 /* MonitoringHomeTableViewController.m */; };
		2ABE759F1B941A2E00298EE9 /* FileViewController.m in Sources */ = {isa = PBXBuildFile; fileRef = 2ABE759E1B941A2E00298EE9 /* FileViewController.m */; };
		2ABE75A21B941A4700298EE9 /* HTTPCommunicationViewController.m in Sources */ = {isa = PBXBuildFile; fileRef = 2ABE75A11B941A4600298EE9 /* HTTPCommunicationViewController.m */; };
		2ABE75C81B941BFC00298EE9 /* IQNSArray+Sort.m in Sources */ = {isa = PBXBuildFile; fileRef = 2ABE75A61B941BFC00298EE9 /* IQNSArray+Sort.m */; };
		2ABE75C91B941BFC00298EE9 /* IQUITextFieldView+Additions.m in Sources */ = {isa = PBXBuildFile; fileRef = 2ABE75A81B941BFC00298EE9 /* IQUITextFieldView+Additions.m */; };
		2ABE75CA1B941BFC00298EE9 /* IQUIView+Hierarchy.m in Sources */ = {isa = PBXBuildFile; fileRef = 2ABE75AA1B941BFC00298EE9 /* IQUIView+Hierarchy.m */; };
		2ABE75CB1B941BFC00298EE9 /* IQUIViewController+Additions.m in Sources */ = {isa = PBXBuildFile; fileRef = 2ABE75AC1B941BFC00298EE9 /* IQUIViewController+Additions.m */; };
		2ABE75CC1B941BFC00298EE9 /* IQUIWindow+Hierarchy.m in Sources */ = {isa = PBXBuildFile; fileRef = 2ABE75AE1B941BFC00298EE9 /* IQUIWindow+Hierarchy.m */; };
		2ABE75CD1B941BFC00298EE9 /* IQKeyboardManager.m in Sources */ = {isa = PBXBuildFile; fileRef = 2ABE75B31B941BFC00298EE9 /* IQKeyboardManager.m */; };
		2ABE75CE1B941BFC00298EE9 /* IQKeyboardReturnKeyHandler.m in Sources */ = {isa = PBXBuildFile; fileRef = 2ABE75B51B941BFC00298EE9 /* IQKeyboardReturnKeyHandler.m */; };
		2ABE75CF1B941BFC00298EE9 /* IQSegmentedNextPrevious.m in Sources */ = {isa = PBXBuildFile; fileRef = 2ABE75B81B941BFC00298EE9 /* IQSegmentedNextPrevious.m */; };
		2ABE75D01B941BFC00298EE9 /* IQTextView.m in Sources */ = {isa = PBXBuildFile; fileRef = 2ABE75BB1B941BFC00298EE9 /* IQTextView.m */; };
		2ABE75D11B941BFC00298EE9 /* IQBarButtonItem.m in Sources */ = {isa = PBXBuildFile; fileRef = 2ABE75BE1B941BFC00298EE9 /* IQBarButtonItem.m */; };
		2ABE75D21B941BFC00298EE9 /* IQTitleBarButtonItem.m in Sources */ = {isa = PBXBuildFile; fileRef = 2ABE75C01B941BFC00298EE9 /* IQTitleBarButtonItem.m */; };
		2ABE75D31B941BFC00298EE9 /* IQToolbar.m in Sources */ = {isa = PBXBuildFile; fileRef = 2ABE75C21B941BFC00298EE9 /* IQToolbar.m */; };
		2ABE75D41B941BFC00298EE9 /* IQUIView+IQKeyboardToolbar.m in Sources */ = {isa = PBXBuildFile; fileRef = 2ABE75C41B941BFC00298EE9 /* IQUIView+IQKeyboardToolbar.m */; };
		2ABE75D51B941BFC00298EE9 /* IQKeyboardManager.bundle in Resources */ = {isa = PBXBuildFile; fileRef = 2ABE75C71B941BFC00298EE9 /* IQKeyboardManager.bundle */; };
		2ABE75D71B941C2000298EE9 /* EstimoteSDK.framework in Frameworks */ = {isa = PBXBuildFile; fileRef = 2ABE75D61B941C2000298EE9 /* EstimoteSDK.framework */; };
		2ABE75DA1B94369A00298EE9 /* ApplicationData.m in Sources */ = {isa = PBXBuildFile; fileRef = 2ABE75D91B94369A00298EE9 /* ApplicationData.m */; };
/* End PBXBuildFile section */

/* Begin PBXContainerItemProxy section */
		2ABE758B1B9419E600298EE9 /* PBXContainerItemProxy */ = {
			isa = PBXContainerItemProxy;
			containerPortal = 2ABE75691B9419E600298EE9 /* Project object */;
			proxyType = 1;
			remoteGlobalIDString = 2ABE75701B9419E600298EE9;
			remoteInfo = BroadcastBeacon;
		};
/* End PBXContainerItemProxy section */

/* Begin PBXFileReference section */
		2A62091D1B95288600610633 /* MooHTTPCommunication.h */ = {isa = PBXFileReference; fileEncoding = 4; lastKnownFileType = sourcecode.c.h; path = MooHTTPCommunication.h; sourceTree = "<group>"; };
		2A62091E1B95288600610633 /* MooHTTPCommunication.m */ = {isa = PBXFileReference; fileEncoding = 4; lastKnownFileType = sourcecode.c.objc; path = MooHTTPCommunication.m; sourceTree = "<group>"; };
		2A6209211B95291700610633 /* OpenFileViewController.h */ = {isa = PBXFileReference; fileEncoding = 4; lastKnownFileType = sourcecode.c.h; path = OpenFileViewController.h; sourceTree = "<group>"; };
		2A6209221B95291700610633 /* OpenFileViewController.m */ = {isa = PBXFileReference; fileEncoding = 4; lastKnownFileType = sourcecode.c.objc; path = OpenFileViewController.m; sourceTree = "<group>"; };
		2A6209241B95681900610633 /* IDViewController.h */ = {isa = PBXFileReference; fileEncoding = 4; lastKnownFileType = sourcecode.c.h; path = IDViewController.h; sourceTree = "<group>"; };
		2A6209251B95681900610633 /* IDViewController.m */ = {isa = PBXFileReference; fileEncoding = 4; lastKnownFileType = sourcecode.c.objc; path = IDViewController.m; sourceTree = "<group>"; };
		2ABE75711B9419E600298EE9 /* BroadcastBeacon.app */ = {isa = PBXFileReference; explicitFileType = wrapper.application; includeInIndex = 0; path = BroadcastBeacon.app; sourceTree = BUILT_PRODUCTS_DIR; };
		2ABE75751B9419E600298EE9 /* Info.plist */ = {isa = PBXFileReference; lastKnownFileType = text.plist.xml; path = Info.plist; sourceTree = "<group>"; };
		2ABE75761B9419E600298EE9 /* main.m */ = {isa = PBXFileReference; lastKnownFileType = sourcecode.c.objc; path = main.m; sourceTree = "<group>"; };
		2ABE75781B9419E600298EE9 /* AppDelegate.h */ = {isa = PBXFileReference; lastKnownFileType = sourcecode.c.h; path = AppDelegate.h; sourceTree = "<group>"; };
		2ABE75791B9419E600298EE9 /* AppDelegate.m */ = {isa = PBXFileReference; lastKnownFileType = sourcecode.c.objc; path = AppDelegate.m; sourceTree = "<group>"; };
		2ABE757F1B9419E600298EE9 /* Base */ = {isa = PBXFileReference; lastKnownFileType = file.storyboard; name = Base; path = Base.lproj/Main.storyboard; sourceTree = "<group>"; };
		2ABE75811B9419E600298EE9 /* Images.xcassets */ = {isa = PBXFileReference; lastKnownFileType = folder.assetcatalog; path = Images.xcassets; sourceTree = "<group>"; };
		2ABE75841B9419E600298EE9 /* Base */ = {isa = PBXFileReference; lastKnownFileType = file.xib; name = Base; path = Base.lproj/LaunchScreen.xib; sourceTree = "<group>"; };
		2ABE758A1B9419E600298EE9 /* BroadcastBeaconTests.xctest */ = {isa = PBXFileReference; explicitFileType = wrapper.cfbundle; includeInIndex = 0; path = BroadcastBeaconTests.xctest; sourceTree = BUILT_PRODUCTS_DIR; };
		2ABE758F1B9419E600298EE9 /* Info.plist */ = {isa = PBXFileReference; lastKnownFileType = text.plist.xml; path = Info.plist; sourceTree = "<group>"; };
		2ABE75901B9419E600298EE9 /* BroadcastBeaconTests.m */ = {isa = PBXFileReference; lastKnownFileType = sourcecode.c.objc; path = BroadcastBeaconTests.m; sourceTree = "<group>"; };
		2ABE759A1B941A1000298EE9 /* MonitoringHomeTableViewController.h */ = {isa = PBXFileReference; fileEncoding = 4; lastKnownFileType = sourcecode.c.h; path = MonitoringHomeTableViewController.h; sourceTree = "<group>"; };
		2ABE759B1B941A1000298EE9 /* MonitoringHomeTableViewController.m */ = {isa = PBXFileReference; fileEncoding = 4; lastKnownFileType = sourcecode.c.objc; path = MonitoringHomeTableViewController.m; sourceTree = "<group>"; };
		2ABE759D1B941A2E00298EE9 /* FileViewController.h */ = {isa = PBXFileReference; fileEncoding = 4; lastKnownFileType = sourcecode.c.h; path = FileViewController.h; sourceTree = "<group>"; };
		2ABE759E1B941A2E00298EE9 /* FileViewController.m */ = {isa = PBXFileReference; fileEncoding = 4; lastKnownFileType = sourcecode.c.objc; path = FileViewController.m; sourceTree = "<group>"; };
		2ABE75A01B941A4600298EE9 /* HTTPCommunicationViewController.h */ = {isa = PBXFileReference; fileEncoding = 4; lastKnownFileType = sourcecode.c.h; path = HTTPCommunicationViewController.h; sourceTree = "<group>"; };
		2ABE75A11B941A4600298EE9 /* HTTPCommunicationViewController.m */ = {isa = PBXFileReference; fileEncoding = 4; lastKnownFileType = sourcecode.c.objc; path = HTTPCommunicationViewController.m; sourceTree = "<group>"; };
		2ABE75A51B941BFC00298EE9 /* IQNSArray+Sort.h */ = {isa = PBXFileReference; fileEncoding = 4; lastKnownFileType = sourcecode.c.h; path = "IQNSArray+Sort.h"; sourceTree = "<group>"; };
		2ABE75A61B941BFC00298EE9 /* IQNSArray+Sort.m */ = {isa = PBXFileReference; fileEncoding = 4; lastKnownFileType = sourcecode.c.objc; path = "IQNSArray+Sort.m"; sourceTree = "<group>"; };
		2ABE75A71B941BFC00298EE9 /* IQUITextFieldView+Additions.h */ = {isa = PBXFileReference; fileEncoding = 4; lastKnownFileType = sourcecode.c.h; path = "IQUITextFieldView+Additions.h"; sourceTree = "<group>"; };
		2ABE75A81B941BFC00298EE9 /* IQUITextFieldView+Additions.m */ = {isa = PBXFileReference; fileEncoding = 4; lastKnownFileType = sourcecode.c.objc; path = "IQUITextFieldView+Additions.m"; sourceTree = "<group>"; };
		2ABE75A91B941BFC00298EE9 /* IQUIView+Hierarchy.h */ = {isa = PBXFileReference; fileEncoding = 4; lastKnownFileType = sourcecode.c.h; path = "IQUIView+Hierarchy.h"; sourceTree = "<group>"; };
		2ABE75AA1B941BFC00298EE9 /* IQUIView+Hierarchy.m */ = {isa = PBXFileReference; fileEncoding = 4; lastKnownFileType = sourcecode.c.objc; path = "IQUIView+Hierarchy.m"; sourceTree = "<group>"; };
		2ABE75AB1B941BFC00298EE9 /* IQUIViewController+Additions.h */ = {isa = PBXFileReference; fileEncoding = 4; lastKnownFileType = sourcecode.c.h; path = "IQUIViewController+Additions.h"; sourceTree = "<group>"; };
		2ABE75AC1B941BFC00298EE9 /* IQUIViewController+Additions.m */ = {isa = PBXFileReference; fileEncoding = 4; lastKnownFileType = sourcecode.c.objc; path = "IQUIViewController+Additions.m"; sourceTree = "<group>"; };
		2ABE75AD1B941BFC00298EE9 /* IQUIWindow+Hierarchy.h */ = {isa = PBXFileReference; fileEncoding = 4; lastKnownFileType = sourcecode.c.h; path = "IQUIWindow+Hierarchy.h"; sourceTree = "<group>"; };
		2ABE75AE1B941BFC00298EE9 /* IQUIWindow+Hierarchy.m */ = {isa = PBXFileReference; fileEncoding = 4; lastKnownFileType = sourcecode.c.objc; path = "IQUIWindow+Hierarchy.m"; sourceTree = "<group>"; };
		2ABE75B01B941BFC00298EE9 /* IQKeyboardManagerConstants.h */ = {isa = PBXFileReference; fileEncoding = 4; lastKnownFileType = sourcecode.c.h; path = IQKeyboardManagerConstants.h; sourceTree = "<group>"; };
		2ABE75B11B941BFC00298EE9 /* IQKeyboardManagerConstantsInternal.h */ = {isa = PBXFileReference; fileEncoding = 4; lastKnownFileType = sourcecode.c.h; path = IQKeyboardManagerConstantsInternal.h; sourceTree = "<group>"; };
		2ABE75B21B941BFC00298EE9 /* IQKeyboardManager.h */ = {isa = PBXFileReference; fileEncoding = 4; lastKnownFileType = sourcecode.c.h; path = IQKeyboardManager.h; sourceTree = "<group>"; };
		2ABE75B31B941BFC00298EE9 /* IQKeyboardManager.m */ = {isa = PBXFileReference; fileEncoding = 4; lastKnownFileType = sourcecode.c.objc; path = IQKeyboardManager.m; sourceTree = "<group>"; };
		2ABE75B41B941BFC00298EE9 /* IQKeyboardReturnKeyHandler.h */ = {isa = PBXFileReference; fileEncoding = 4; lastKnownFileType = sourcecode.c.h; path = IQKeyboardReturnKeyHandler.h; sourceTree = "<group>"; };
		2ABE75B51B941BFC00298EE9 /* IQKeyboardReturnKeyHandler.m */ = {isa = PBXFileReference; fileEncoding = 4; lastKnownFileType = sourcecode.c.objc; path = IQKeyboardReturnKeyHandler.m; sourceTree = "<group>"; };
		2ABE75B71B941BFC00298EE9 /* IQSegmentedNextPrevious.h */ = {isa = PBXFileReference; fileEncoding = 4; lastKnownFileType = sourcecode.c.h; path = IQSegmentedNextPrevious.h; sourceTree = "<group>"; };
		2ABE75B81B941BFC00298EE9 /* IQSegmentedNextPrevious.m */ = {isa = PBXFileReference; fileEncoding = 4; lastKnownFileType = sourcecode.c.objc; path = IQSegmentedNextPrevious.m; sourceTree = "<group>"; };
		2ABE75BA1B941BFC00298EE9 /* IQTextView.h */ = {isa = PBXFileReference; fileEncoding = 4; lastKnownFileType = sourcecode.c.h; path = IQTextView.h; sourceTree = "<group>"; };
		2ABE75BB1B941BFC00298EE9 /* IQTextView.m */ = {isa = PBXFileReference; fileEncoding = 4; lastKnownFileType = sourcecode.c.objc; path = IQTextView.m; sourceTree = "<group>"; };
		2ABE75BD1B941BFC00298EE9 /* IQBarButtonItem.h */ = {isa = PBXFileReference; fileEncoding = 4; lastKnownFileType = sourcecode.c.h; path = IQBarButtonItem.h; sourceTree = "<group>"; };
		2ABE75BE1B941BFC00298EE9 /* IQBarButtonItem.m */ = {isa = PBXFileReference; fileEncoding = 4; lastKnownFileType = sourcecode.c.objc; path = IQBarButtonItem.m; sourceTree = "<group>"; };
		2ABE75BF1B941BFC00298EE9 /* IQTitleBarButtonItem.h */ = {isa = PBXFileReference; fileEncoding = 4; lastKnownFileType = sourcecode.c.h; path = IQTitleBarButtonItem.h; sourceTree = "<group>"; };
		2ABE75C01B941BFC00298EE9 /* IQTitleBarButtonItem.m */ = {isa = PBXFileReference; fileEncoding = 4; lastKnownFileType = sourcecode.c.objc; path = IQTitleBarButtonItem.m; sourceTree = "<group>"; };
		2ABE75C11B941BFC00298EE9 /* IQToolbar.h */ = {isa = PBXFileReference; fileEncoding = 4; lastKnownFileType = sourcecode.c.h; path = IQToolbar.h; sourceTree = "<group>"; };
		2ABE75C21B941BFC00298EE9 /* IQToolbar.m */ = {isa = PBXFileReference; fileEncoding = 4; lastKnownFileType = sourcecode.c.objc; path = IQToolbar.m; sourceTree = "<group>"; };
		2ABE75C31B941BFC00298EE9 /* IQUIView+IQKeyboardToolbar.h */ = {isa = PBXFileReference; fileEncoding = 4; lastKnownFileType = sourcecode.c.h; path = "IQUIView+IQKeyboardToolbar.h"; sourceTree = "<group>"; };
		2ABE75C41B941BFC00298EE9 /* IQUIView+IQKeyboardToolbar.m */ = {isa = PBXFileReference; fileEncoding = 4; lastKnownFileType = sourcecode.c.objc; path = "IQUIView+IQKeyboardToolbar.m"; sourceTree = "<group>"; };
		2ABE75C51B941BFC00298EE9 /* KeyboardManager.h */ = {isa = PBXFileReference; fileEncoding = 4; lastKnownFileType = sourcecode.c.h; path = KeyboardManager.h; sourceTree = "<group>"; };
		2ABE75C71B941BFC00298EE9 /* IQKeyboardManager.bundle */ = {isa = PBXFileReference; lastKnownFileType = "wrapper.plug-in"; path = IQKeyboardManager.bundle; sourceTree = "<group>"; };
		2ABE75D61B941C2000298EE9 /* EstimoteSDK.framework */ = {isa = PBXFileReference; lastKnownFileType = wrapper.framework; path = EstimoteSDK.framework; sourceTree = "<group>"; };
		2ABE75D81B94369A00298EE9 /* ApplicationData.h */ = {isa = PBXFileReference; fileEncoding = 4; lastKnownFileType = sourcecode.c.h; path = ApplicationData.h; sourceTree = "<group>"; };
		2ABE75D91B94369A00298EE9 /* ApplicationData.m */ = {isa = PBXFileReference; fileEncoding = 4; lastKnownFileType = sourcecode.c.objc; path = ApplicationData.m; sourceTree = "<group>"; };
/* End PBXFileReference section */

/* Begin PBXFrameworksBuildPhase section */
		2ABE756E1B9419E600298EE9 /* Frameworks */ = {
			isa = PBXFrameworksBuildPhase;
			buildActionMask = 2147483647;
			files = (
				2ABE75D71B941C2000298EE9 /* EstimoteSDK.framework in Frameworks */,
			);
			runOnlyForDeploymentPostprocessing = 0;
		};
		2ABE75871B9419E600298EE9 /* Frameworks */ = {
			isa = PBXFrameworksBuildPhase;
			buildActionMask = 2147483647;
			files = (
			);
			runOnlyForDeploymentPostprocessing = 0;
		};
/* End PBXFrameworksBuildPhase section */

/* Begin PBXGroup section */
		2ABE75681B9419E600298EE9 = {
			isa = PBXGroup;
			children = (
				2ABE75731B9419E600298EE9 /* BroadcastBeacon */,
				2ABE758D1B9419E600298EE9 /* BroadcastBeaconTests */,
				2ABE75721B9419E600298EE9 /* Products */,
				2ABE75A31B941BFC00298EE9 /* IQKeyBoardManager */,
				2ABE75D61B941C2000298EE9 /* EstimoteSDK.framework */,
			);
			sourceTree = "<group>";
		};
		2ABE75721B9419E600298EE9 /* Products */ = {
			isa = PBXGroup;
			children = (
				2ABE75711B9419E600298EE9 /* BroadcastBeacon.app */,
				2ABE758A1B9419E600298EE9 /* BroadcastBeaconTests.xctest */,
			);
			name = Products;
			sourceTree = "<group>";
		};
		2ABE75731B9419E600298EE9 /* BroadcastBeacon */ = {
			isa = PBXGroup;
			children = (
				2A62091D1B95288600610633 /* MooHTTPCommunication.h */,
				2A62091E1B95288600610633 /* MooHTTPCommunication.m */,
				2ABE75781B9419E600298EE9 /* AppDelegate.h */,
				2ABE75791B9419E600298EE9 /* AppDelegate.m */,
				2ABE757E1B9419E600298EE9 /* Main.storyboard */,
				2ABE75811B9419E600298EE9 /* Images.xcassets */,
				2ABE75831B9419E600298EE9 /* LaunchScreen.xib */,
				2ABE75741B9419E600298EE9 /* Supporting Files */,
				2ABE759A1B941A1000298EE9 /* MonitoringHomeTableViewController.h */,
				2ABE759B1B941A1000298EE9 /* MonitoringHomeTableViewController.m */,
				2ABE759D1B941A2E00298EE9 /* FileViewController.h */,
				2ABE759E1B941A2E00298EE9 /* FileViewController.m */,
				2ABE75A01B941A4600298EE9 /* HTTPCommunicationViewController.h */,
				2ABE75A11B941A4600298EE9 /* HTTPCommunicationViewController.m */,
				2ABE75D81B94369A00298EE9 /* ApplicationData.h */,
				2ABE75D91B94369A00298EE9 /* ApplicationData.m */,
				2A6209211B95291700610633 /* OpenFileViewController.h */,
				2A6209221B95291700610633 /* OpenFileViewController.m */,
				2A6209241B95681900610633 /* IDViewController.h */,
				2A6209251B95681900610633 /* IDViewController.m */,
			);
			path = BroadcastBeacon;
			sourceTree = "<group>";
		};
		2ABE75741B9419E600298EE9 /* Supporting Files */ = {
			isa = PBXGroup;
			children = (
				2ABE75751B9419E600298EE9 /* Info.plist */,
				2ABE75761B9419E600298EE9 /* main.m */,
			);
			name = "Supporting Files";
			sourceTree = "<group>";
		};
		2ABE758D1B9419E600298EE9 /* BroadcastBeaconTests */ = {
			isa = PBXGroup;
			children = (
				2ABE75901B9419E600298EE9 /* BroadcastBeaconTests.m */,
				2ABE758E1B9419E600298EE9 /* Supporting Files */,
			);
			path = BroadcastBeaconTests;
			sourceTree = "<group>";
		};
		2ABE758E1B9419E600298EE9 /* Supporting Files */ = {
			isa = PBXGroup;
			children = (
				2ABE758F1B9419E600298EE9 /* Info.plist */,
			);
			name = "Supporting Files";
			sourceTree = "<group>";
		};
		2ABE75A31B941BFC00298EE9 /* IQKeyBoardManager */ = {
			isa = PBXGroup;
			children = (
				2ABE75A41B941BFC00298EE9 /* Categories */,
				2ABE75AF1B941BFC00298EE9 /* Constants */,
				2ABE75B21B941BFC00298EE9 /* IQKeyboardManager.h */,
				2ABE75B31B941BFC00298EE9 /* IQKeyboardManager.m */,
				2ABE75B41B941BFC00298EE9 /* IQKeyboardReturnKeyHandler.h */,
				2ABE75B51B941BFC00298EE9 /* IQKeyboardReturnKeyHandler.m */,
				2ABE75B61B941BFC00298EE9 /* IQSegmentedNextPrevious */,
				2ABE75B91B941BFC00298EE9 /* IQTextView */,
				2ABE75BC1B941BFC00298EE9 /* IQToolbar */,
				2ABE75C51B941BFC00298EE9 /* KeyboardManager.h */,
				2ABE75C61B941BFC00298EE9 /* Resources */,
			);
			path = IQKeyBoardManager;
			sourceTree = "<group>";
		};
		2ABE75A41B941BFC00298EE9 /* Categories */ = {
			isa = PBXGroup;
			children = (
				2ABE75A51B941BFC00298EE9 /* IQNSArray+Sort.h */,
				2ABE75A61B941BFC00298EE9 /* IQNSArray+Sort.m */,
				2ABE75A71B941BFC00298EE9 /* IQUITextFieldView+Additions.h */,
				2ABE75A81B941BFC00298EE9 /* IQUITextFieldView+Additions.m */,
				2ABE75A91B941BFC00298EE9 /* IQUIView+Hierarchy.h */,
				2ABE75AA1B941BFC00298EE9 /* IQUIView+Hierarchy.m */,
				2ABE75AB1B941BFC00298EE9 /* IQUIViewController+Additions.h */,
				2ABE75AC1B941BFC00298EE9 /* IQUIViewController+Additions.m */,
				2ABE75AD1B941BFC00298EE9 /* IQUIWindow+Hierarchy.h */,
				2ABE75AE1B941BFC00298EE9 /* IQUIWindow+Hierarchy.m */,
			);
			path = Categories;
			sourceTree = "<group>";
		};
		2ABE75AF1B941BFC00298EE9 /* Constants */ = {
			isa = PBXGroup;
			children = (
				2ABE75B01B941BFC00298EE9 /* IQKeyboardManagerConstants.h */,
				2ABE75B11B941BFC00298EE9 /* IQKeyboardManagerConstantsInternal.h */,
			);
			path = Constants;
			sourceTree = "<group>";
		};
		2ABE75B61B941BFC00298EE9 /* IQSegmentedNextPrevious */ = {
			isa = PBXGroup;
			children = (
				2ABE75B71B941BFC00298EE9 /* IQSegmentedNextPrevious.h */,
				2ABE75B81B941BFC00298EE9 /* IQSegmentedNextPrevious.m */,
			);
			path = IQSegmentedNextPrevious;
			sourceTree = "<group>";
		};
		2ABE75B91B941BFC00298EE9 /* IQTextView */ = {
			isa = PBXGroup;
			children = (
				2ABE75BA1B941BFC00298EE9 /* IQTextView.h */,
				2ABE75BB1B941BFC00298EE9 /* IQTextView.m */,
			);
			path = IQTextView;
			sourceTree = "<group>";
		};
		2ABE75BC1B941BFC00298EE9 /* IQToolbar */ = {
			isa = PBXGroup;
			children = (
				2ABE75BD1B941BFC00298EE9 /* IQBarButtonItem.h */,
				2ABE75BE1B941BFC00298EE9 /* IQBarButtonItem.m */,
				2ABE75BF1B941BFC00298EE9 /* IQTitleBarButtonItem.h */,
				2ABE75C01B941BFC00298EE9 /* IQTitleBarButtonItem.m */,
				2ABE75C11B941BFC00298EE9 /* IQToolbar.h */,
				2ABE75C21B941BFC00298EE9 /* IQToolbar.m */,
				2ABE75C31B941BFC00298EE9 /* IQUIView+IQKeyboardToolbar.h */,
				2ABE75C41B941BFC00298EE9 /* IQUIView+IQKeyboardToolbar.m */,
			);
			path = IQToolbar;
			sourceTree = "<group>";
		};
		2ABE75C61B941BFC00298EE9 /* Resources */ = {
			isa = PBXGroup;
			children = (
				2ABE75C71B941BFC00298EE9 /* IQKeyboardManager.bundle */,
			);
			path = Resources;
			sourceTree = "<group>";
		};
/* End PBXGroup section */

/* Begin PBXNativeTarget section */
		2ABE75701B9419E600298EE9 /* BroadcastBeacon */ = {
			isa = PBXNativeTarget;
			buildConfigurationList = 2ABE75941B9419E600298EE9 /* Build configuration list for PBXNativeTarget "BroadcastBeacon" */;
			buildPhases = (
				2ABE756D1B9419E600298EE9 /* Sources */,
				2ABE756E1B9419E600298EE9 /* Frameworks */,
				2ABE756F1B9419E600298EE9 /* Resources */,
			);
			buildRules = (
			);
			dependencies = (
			);
			name = BroadcastBeacon;
			productName = BroadcastBeacon;
			productReference = 2ABE75711B9419E600298EE9 /* BroadcastBeacon.app */;
			productType = "com.apple.product-type.application";
		};
		2ABE75891B9419E600298EE9 /* BroadcastBeaconTests */ = {
			isa = PBXNativeTarget;
			buildConfigurationList = 2ABE75971B9419E600298EE9 /* Build configuration list for PBXNativeTarget "BroadcastBeaconTests" */;
			buildPhases = (
				2ABE75861B9419E600298EE9 /* Sources */,
				2ABE75871B9419E600298EE9 /* Frameworks */,
				2ABE75881B9419E600298EE9 /* Resources */,
			);
			buildRules = (
			);
			dependencies = (
				2ABE758C1B9419E600298EE9 /* PBXTargetDependency */,
			);
			name = BroadcastBeaconTests;
			productName = BroadcastBeaconTests;
			productReference = 2ABE758A1B9419E600298EE9 /* BroadcastBeaconTests.xctest */;
			productType = "com.apple.product-type.bundle.unit-test";
		};
/* End PBXNativeTarget section */

/* Begin PBXProject section */
		2ABE75691B9419E600298EE9 /* Project object */ = {
			isa = PBXProject;
			attributes = {
				LastUpgradeCheck = 0640;
				ORGANIZATIONNAME = moono;
				TargetAttributes = {
					2ABE75701B9419E600298EE9 = {
						CreatedOnToolsVersion = 6.4;
					};
					2ABE75891B9419E600298EE9 = {
						CreatedOnToolsVersion = 6.4;
						TestTargetID = 2ABE75701B9419E600298EE9;
					};
				};
			};
			buildConfigurationList = 2ABE756C1B9419E600298EE9 /* Build configuration list for PBXProject "BroadcastBeacon" */;
			compatibilityVersion = "Xcode 3.2";
			developmentRegion = English;
			hasScannedForEncodings = 0;
			knownRegions = (
				en,
				Base,
			);
			mainGroup = 2ABE75681B9419E600298EE9;
			productRefGroup = 2ABE75721B9419E600298EE9 /* Products */;
			projectDirPath = "";
			projectRoot = "";
			targets = (
				2ABE75701B9419E600298EE9 /* BroadcastBeacon */,
				2ABE75891B9419E600298EE9 /* BroadcastBeaconTests */,
			);
		};
/* End PBXProject section */

/* Begin PBXResourcesBuildPhase section */
		2ABE756F1B9419E600298EE9 /* Resources */ = {
			isa = PBXResourcesBuildPhase;
			buildActionMask = 2147483647;
			files = (
				2ABE75801B9419E600298EE9 /* Main.storyboard in Resources */,
				2ABE75851B9419E600298EE9 /* LaunchScreen.xib in Resources */,
				2ABE75D51B941BFC00298EE9 /* IQKeyboardManager.bundle in Resources */,
				2ABE75821B9419E600298EE9 /* Images.xcassets in Resources */,
			);
			runOnlyForDeploymentPostprocessing = 0;
		};
		2ABE75881B9419E600298EE9 /* Resources */ = {
			isa = PBXResourcesBuildPhase;
			buildActionMask = 2147483647;
			files = (
			);
			runOnlyForDeploymentPostprocessing = 0;
		};
/* End PBXResourcesBuildPhase section */

/* Begin PBXSourcesBuildPhase section */
		2ABE756D1B9419E600298EE9 /* Sources */ = {
			isa = PBXSourcesBuildPhase;
			buildActionMask = 2147483647;
			files = (
				2A6209231B95291700610633 /* OpenFileViewController.m in Sources */,
				2ABE75C81B941BFC00298EE9 /* IQNSArray+Sort.m in Sources */,
				2ABE75CE1B941BFC00298EE9 /* IQKeyboardReturnKeyHandler.m in Sources */,
				2A6209201B95288600610633 /* MooHTTPCommunication.m in Sources */,
				2ABE757A1B9419E600298EE9 /* AppDelegate.m in Sources */,
				2A6209261B95681900610633 /* IDViewController.m in Sources */,
				2ABE75A21B941A4700298EE9 /* HTTPCommunicationViewController.m in Sources */,
				2ABE75771B9419E600298EE9 /* main.m in Sources */,
				2ABE75CD1B941BFC00298EE9 /* IQKeyboardManager.m in Sources */,
				2ABE75CA1B941BFC00298EE9 /* IQUIView+Hierarchy.m in Sources */,
				2ABE75DA1B94369A00298EE9 /* ApplicationData.m in Sources */,
				2ABE75D41B941BFC00298EE9 /* IQUIView+IQKeyboardToolbar.m in Sources */,
				2ABE75C91B941BFC00298EE9 /* IQUITextFieldView+Additions.m in Sources */,
				2ABE75CF1B941BFC00298EE9 /* IQSegmentedNextPrevious.m in Sources */,
				2ABE759F1B941A2E00298EE9 /* FileViewController.m in Sources */,
				2ABE75CC1B941BFC00298EE9 /* IQUIWindow+Hierarchy.m in Sources */,
				2ABE75D11B941BFC00298EE9 /* IQBarButtonItem.m in Sources */,
				2ABE75D31B941BFC00298EE9 /* IQToolbar.m in Sources */,
				2ABE75CB1B941BFC00298EE9 /* IQUIViewController+Additions.m in Sources */,
				2ABE75D21B941BFC00298EE9 /* IQTitleBarButtonItem.m in Sources */,
				2ABE759C1B941A1000298EE9 /* MonitoringHomeTableViewController.m in Sources */,
				2ABE75D01B941BFC00298EE9 /* IQTextView.m in Sources */,
			);
			runOnlyForDeploymentPostprocessing = 0;
		};
		2ABE75861B9419E600298EE9 /* Sources */ = {
			isa = PBXSourcesBuildPhase;
			buildActionMask = 2147483647;
			files = (
				2ABE75911B9419E600298EE9 /* BroadcastBeaconTests.m in Sources */,
			);
			runOnlyForDeploymentPostprocessing = 0;
		};
/* End PBXSourcesBuildPhase section */

/* Begin PBXTargetDependency section */
		2ABE758C1B9419E600298EE9 /* PBXTargetDependency */ = {
			isa = PBXTargetDependency;
			target = 2ABE75701B9419E600298EE9 /* BroadcastBeacon */;
			targetProxy = 2ABE758B1B9419E600298EE9 /* PBXContainerItemProxy */;
		};
/* End PBXTargetDependency section */

/* Begin PBXVariantGroup section */
		2ABE757E1B9419E600298EE9 /* Main.storyboard */ = {
			isa = PBXVariantGroup;
			children = (
				2ABE757F1B9419E600298EE9 /* Base */,
			);
			name = Main.storyboard;
			sourceTree = "<group>";
		};
		2ABE75831B9419E600298EE9 /* LaunchScreen.xib */ = {
			isa = PBXVariantGroup;
			children = (
				2ABE75841B9419E600298EE9 /* Base */,
			);
			name = LaunchScreen.xib;
			sourceTree = "<group>";
		};
/* End PBXVariantGroup section */

/* Begin XCBuildConfiguration section */
		2ABE75921B9419E600298EE9 /* Debug */ = {
			isa = XCBuildConfiguration;
			buildSettings = {
				ALWAYS_SEARCH_USER_PATHS = NO;
				CLANG_CXX_LANGUAGE_STANDARD = "gnu++0x";
				CLANG_CXX_LIBRARY = "libc++";
				CLANG_ENABLE_MODULES = YES;
				CLANG_ENABLE_OBJC_ARC = YES;
				CLANG_WARN_BOOL_CONVERSION = YES;
				CLANG_WARN_CONSTANT_CONVERSION = YES;
				CLANG_WARN_DIRECT_OBJC_ISA_USAGE = YES_ERROR;
				CLANG_WARN_EMPTY_BODY = YES;
				CLANG_WARN_ENUM_CONVERSION = YES;
				CLANG_WARN_INT_CONVERSION = YES;
				CLANG_WARN_OBJC_ROOT_CLASS = YES_ERROR;
				CLANG_WARN_UNREACHABLE_CODE = YES;
				CLANG_WARN__DUPLICATE_METHOD_MATCH = YES;
				"CODE_SIGN_IDENTITY[sdk=iphoneos*]" = "iPhone Developer";
				COPY_PHASE_STRIP = NO;
				DEBUG_INFORMATION_FORMAT = "dwarf-with-dsym";
				ENABLE_STRICT_OBJC_MSGSEND = YES;
				GCC_C_LANGUAGE_STANDARD = gnu99;
				GCC_DYNAMIC_NO_PIC = NO;
				GCC_NO_COMMON_BLOCKS = YES;
				GCC_OPTIMIZATION_LEVEL = 0;
				GCC_PREPROCESSOR_DEFINITIONS = (
					"DEBUG=1",
					"$(inherited)",
				);
				GCC_SYMBOLS_PRIVATE_EXTERN = NO;
				GCC_WARN_64_TO_32_BIT_CONVERSION = YES;
				GCC_WARN_ABOUT_RETURN_TYPE = YES_ERROR;
				GCC_WARN_UNDECLARED_SELECTOR = YES;
				GCC_WARN_UNINITIALIZED_AUTOS = YES_AGGRESSIVE;
				GCC_WARN_UNUSED_FUNCTION = YES;
				GCC_WARN_UNUSED_VARIABLE = YES;
				IPHONEOS_DEPLOYMENT_TARGET = 8.4;
				MTL_ENABLE_DEBUG_INFO = YES;
				ONLY_ACTIVE_ARCH = YES;
				SDKROOT = iphoneos;
			};
			name = Debug;
		};
		2ABE75931B9419E600298EE9 /* Release */ = {
			isa = XCBuildConfiguration;
			buildSettings = {
				ALWAYS_SEARCH_USER_PATHS = NO;
				CLANG_CXX_LANGUAGE_STANDARD = "gnu++0x";
				CLANG_CXX_LIBRARY = "libc++";
				CLANG_ENABLE_MODULES = YES;
				CLANG_ENABLE_OBJC_ARC = YES;
				CLANG_WARN_BOOL_CONVERSION = YES;
				CLANG_WARN_CONSTANT_CONVERSION = YES;
				CLANG_WARN_DIRECT_OBJC_ISA_USAGE = YES_ERROR;
				CLANG_WARN_EMPTY_BODY = YES;
				CLANG_WARN_ENUM_CONVERSION = YES;
				CLANG_WARN_INT_CONVERSION = YES;
				CLANG_WARN_OBJC_ROOT_CLASS = YES_ERROR;
				CLANG_WARN_UNREACHABLE_CODE = YES;
				CLANG_WARN__DUPLICATE_METHOD_MATCH = YES;
				"CODE_SIGN_IDENTITY[sdk=iphoneos*]" = "iPhone Developer";
				COPY_PHASE_STRIP = NO;
				DEBUG_INFORMATION_FORMAT = "dwarf-with-dsym";
				ENABLE_NS_ASSERTIONS = NO;
				ENABLE_STRICT_OBJC_MSGSEND = YES;
				GCC_C_LANGUAGE_STANDARD = gnu99;
				GCC_NO_COMMON_BLOCKS = YES;
				GCC_WARN_64_TO_32_BIT_CONVERSION = YES;
				GCC_WARN_ABOUT_RETURN_TYPE = YES_ERROR;
				GCC_WARN_UNDECLARED_SELECTOR = YES;
				GCC_WARN_UNINITIALIZED_AUTOS = YES_AGGRESSIVE;
				GCC_WARN_UNUSED_FUNCTION = YES;
				GCC_WARN_UNUSED_VARIABLE = YES;
				IPHONEOS_DEPLOYMENT_TARGET = 8.4;
				MTL_ENABLE_DEBUG_INFO = NO;
				SDKROOT = iphoneos;
				VALIDATE_PRODUCT = YES;
			};
			name = Release;
		};
		2ABE75951B9419E600298EE9 /* Debug */ = {
			isa = XCBuildConfiguration;
			buildSettings = {
				ASSETCATALOG_COMPILER_APPICON_NAME = AppIcon;
				FRAMEWORK_SEARCH_PATHS = (
					"$(inherited)",
					"$(PROJECT_DIR)",
				);
				INFOPLIST_FILE = BroadcastBeacon/Info.plist;
				LD_RUNPATH_SEARCH_PATHS = "$(inherited) @executable_path/Frameworks";
				PRODUCT_NAME = "$(TARGET_NAME)";
			};
			name = Debug;
		};
		2ABE75961B9419E600298EE9 /* Release */ = {
			isa = XCBuildConfiguration;
			buildSettings = {
				ASSETCATALOG_COMPILER_APPICON_NAME = AppIcon;
				FRAMEWORK_SEARCH_PATHS = (
					"$(inherited)",
					"$(PROJECT_DIR)",
				);
				INFOPLIST_FILE = BroadcastBeacon/Info.plist;
				LD_RUNPATH_SEARCH_PATHS = "$(inherited) @executable_path/Frameworks";
				PRODUCT_NAME = "$(TARGET_NAME)";
			};
			name = Release;
		};
		2ABE75981B9419E600298EE9 /* Debug */ = {
			isa = XCBuildConfiguration;
			buildSettings = {
				BUNDLE_LOADER = "$(TEST_HOST)";
				FRAMEWORK_SEARCH_PATHS = (
					"$(SDKROOT)/Developer/Library/Frameworks",
					"$(inherited)",
				);
				GCC_PREPROCESSOR_DEFINITIONS = (
					"DEBUG=1",
					"$(inherited)",
				);
				INFOPLIST_FILE = BroadcastBeaconTests/Info.plist;
				LD_RUNPATH_SEARCH_PATHS = "$(inherited) @executable_path/Frameworks @loader_path/Frameworks";
				PRODUCT_NAME = "$(TARGET_NAME)";
				TEST_HOST = "$(BUILT_PRODUCTS_DIR)/BroadcastBeacon.app/BroadcastBeacon";
			};
			name = Debug;
		};
		2ABE75991B9419E600298EE9 /* Release */ = {
			isa = XCBuildConfiguration;
			buildSettings = {
				BUNDLE_LOADER = "$(TEST_HOST)";
				FRAMEWORK_SEARCH_PATHS = (
					"$(SDKROOT)/Developer/Library/Frameworks",
					"$(inherited)",
				);
				INFOPLIST_FILE = BroadcastBeaconTests/Info.plist;
				LD_RUNPATH_SEARCH_PATHS = "$(inherited) @executable_path/Frameworks @loader_path/Frameworks";
				PRODUCT_NAME = "$(TARGET_NAME)";
				TEST_HOST = "$(BUILT_PRODUCTS_DIR)/BroadcastBeacon.app/BroadcastBeacon";
			};
			name = Release;
		};
/* End XCBuildConfiguration section */

/* Begin XCConfigurationList section */
		2ABE756C1B9419E600298EE9 /* Build configuration list for PBXProject "BroadcastBeacon" */ = {
			isa = XCConfigurationList;
			buildConfigurations = (
				2ABE75921B9419E600298EE9 /* Debug */,
				2ABE75931B9419E600298EE9 /* Release */,
			);
			defaultConfigurationIsVisible = 0;
			defaultConfigurationName = Release;
		};
		2ABE75941B9419E600298EE9 /* Build configuration list for PBXNativeTarget "BroadcastBeacon" */ = {
			isa = XCConfigurationList;
			buildConfigurations = (
				2ABE75951B9419E600298EE9 /* Debug */,
				2ABE75961B9419E600298EE9 /* Release */,
			);
			defaultConfigurationIsVisible = 0;
			defaultConfigurationName = Release;
		};
		2ABE75971B9419E600298EE9 /* Build configuration list for PBXNativeTarget "BroadcastBeaconTests" */ = {
			isa = XCConfigurationList;
			buildConfigurations = (
				2ABE75981B9419E600298EE9 /* Debug */,
				2ABE75991B9419E600298EE9 /* Release */,
			);
			defaultConfigurationIsVisible = 0;
			defaultConfigurationName = Release;
		};
/* End XCConfigurationList section */
	};
	rootObject = 2ABE75691B9419E600298EE9 /* Project object */;
}
