// !$*UTF8*$!
{
	archiveVersion = 1;
	classes = {
	};
	objectVersion = 46;
	objects = {

/* Begin PBXBuildFile section */
		2ABE75771B9419E600298EE9 /* main.m in Sources */ = {isa = PBXBuildFile; fileRef = 2ABE75761B9419E600298EE9 /* main.m */; };
		2ABE757A1B9419E600298EE9 /* AppDelegate.m in Sources */ = {isa = PBXBuildFile; fileRef = 2ABE75791B9419E600298EE9 /* AppDelegate.m */; };
		2ABE75801B9419E600298EE9 /* Main.storyboard in Resources */ = {isa = PBXBuildFile; fileRef = 2ABE757E1B9419E600298EE9 /* Main.storyboard */; };
		2ABE75821B9419E600298EE9 /* Images.xcassets in Resources */ = {isa = PBXBuildFile; fileRef = 2ABE75811B9419E600298EE9 /* Images.xcassets */; };
		2ABE75851B9419E600298EE9 /* LaunchScreen.xib in Resources */ = {isa = PBXBuildFile; fileRef = 2ABE75831B9419E600298EE9 /* LaunchScreen.xib */; };
		2ABE75911B9419E600298EE9 /* BroadcastBeaconTests.m in Sources */ = {isa = PBXBuildFile; fileRef = 2ABE75901B9419E600298EE9 /* BroadcastBeaconTests.m */; };
		2ABE759C1B941A1000298EE9 /* MonitoringHomeTableViewController.m in Sources */ = {isa = PBXBuildFile; fileRef = 2ABE759B1B941A1000298EE9 /* MonitoringHomeTableViewController.m */; };
		2ABE759F1B941A2E00298EE9 /* FileViewController.m in Sources */ = {isa = PBXBuildFile; fileRef = 2ABE759E1B941A2E00298EE9 /* FileViewController.m */; };
		2ABE75A21B941A4700298EE9 /* HTTPCommunicationViewController.m in Sources */ = {isa = PBXBuildFile; fileRef = 2ABE75A11B941A4600298EE9 /* HTTPCommunicationViewController.m */; };
/* End PBXBuildFile section */

/* Begin PBXContainerItemProxy section */
		2ABE758B1B9419E600298EE9 /* PBXContainerItemProxy */ = {
			isa = PBXContainerItemProxy;
			containerPortal = 2ABE75691B9419E600298EE9 /* Project object */;
			proxyType = 1;
			remoteGlobalIDString = 2ABE75701B9419E600298EE9;
			remoteInfo = BroadcastBeacon;
		};
/* End PBXContainerItemProxy section */

/* Begin PBXFileReference section */
		2ABE75711B9419E600298EE9 /* BroadcastBeacon.app */ = {isa = PBXFileReference; explicitFileType = wrapper.application; includeInIndex = 0; path = BroadcastBeacon.app; sourceTree = BUILT_PRODUCTS_DIR; };
		2ABE75751B9419E600298EE9 /* Info.plist */ = {isa = PBXFileReference; lastKnownFileType = text.plist.xml; path = Info.plist; sourceTree = "<group>"; };
		2ABE75761B9419E600298EE9 /* main.m */ = {isa = PBXFileReference; lastKnownFileType = sourcecode.c.objc; path = main.m; sourceTree = "<group>"; };
		2ABE75781B9419E600298EE9 /* AppDelegate.h */ = {isa = PBXFileReference; lastKnownFileType = sourcecode.c.h; path = AppDelegate.h; sourceTree = "<group>"; };
		2ABE75791B9419E600298EE9 /* AppDelegate.m */ = {isa = PBXFileReference; lastKnownFileType = sourcecode.c.objc; path = AppDelegate.m; sourceTree = "<group>"; };
		2ABE757F1B9419E600298EE9 /* Base */ = {isa = PBXFileReference; lastKnownFileType = file.storyboard; name = Base; path = Base.lproj/Main.storyboard; sourceTree = "<group>"; };
		2ABE75811B9419E600298EE9 /* Images.xcassets */ = {isa = PBXFileReference; lastKnownFileType = folder.assetcatalog; path = Images.xcassets; sourceTree = "<group>"; };
		2ABE75841B9419E600298EE9 /* Base */ = {isa = PBXFileReference; lastKnownFileType = file.xib; name = Base; path = Base.lproj/LaunchScreen.xib; sourceTree = "<group>"; };
		2ABE758A1B9419E600298EE9 /* BroadcastBeaconTests.xctest */ = {isa = PBXFileReference; explicitFileType = wrapper.cfbundle; includeInIndex = 0; path = BroadcastBeaconTests.xctest; sourceTree = BUILT_PRODUCTS_DIR; };
		2ABE758F1B9419E600298EE9 /* Info.plist */ = {isa = PBXFileReference; lastKnownFileType = text.plist.xml; path = Info.plist; sourceTree = "<group>"; };
		2ABE75901B9419E600298EE9 /* BroadcastBeaconTests.m */ = {isa = PBXFileReference; lastKnownFileType = sourcecode.c.objc; path = BroadcastBeaconTests.m; sourceTree = "<group>"; };
		2ABE759A1B941A1000298EE9 /* MonitoringHomeTableViewController.h */ = {isa = PBXFileReference; fileEncoding = 4; lastKnownFileType = sourcecode.c.h; path = MonitoringHomeTableViewController.h; sourceTree = "<group>"; };
		2ABE759B1B941A1000298EE9 /* MonitoringHomeTableViewController.m */ = {isa = PBXFileReference; fileEncoding = 4; lastKnownFileType = sourcecode.c.objc; path = MonitoringHomeTableViewController.m; sourceTree = "<group>"; };
		2ABE759D1B941A2E00298EE9 /* FileViewController.h */ = {isa = PBXFileReference; fileEncoding = 4; lastKnownFileType = sourcecode.c.h; path = FileViewController.h; sourceTree = "<group>"; };
		2ABE759E1B941A2E00298EE9 /* FileViewController.m */ = {isa = PBXFileReference; fileEncoding = 4; lastKnownFileType = sourcecode.c.objc; path = FileViewController.m; sourceTree = "<group>"; };
		2ABE75A01B941A4600298EE9 /* HTTPCommunicationViewController.h */ = {isa = PBXFileReference; fileEncoding = 4; lastKnownFileType = sourcecode.c.h; path = HTTPCommunicationViewController.h; sourceTree = "<group>"; };
		2ABE75A11B941A4600298EE9 /* HTTPCommunicationViewController.m */ = {isa = PBXFileReference; fileEncoding = 4; lastKnownFileType = sourcecode.c.objc; path = HTTPCommunicationViewController.m; sourceTree = "<group>"; };
/* End PBXFileReference section */

/* Begin PBXFrameworksBuildPhase section */
		2ABE756E1B9419E600298EE9 /* Frameworks */ = {
			isa = PBXFrameworksBuildPhase;
			buildActionMask = 2147483647;
			files = (
			);
			runOnlyForDeploymentPostprocessing = 0;
		};
		2ABE75871B9419E600298EE9 /* Frameworks */ = {
			isa = PBXFrameworksBuildPhase;
			buildActionMask = 2147483647;
			files = (
			);
			runOnlyForDeploymentPostprocessing = 0;
		};
/* End PBXFrameworksBuildPhase section */

/* Begin PBXGroup section */
		2ABE75681B9419E600298EE9 = {
			isa = PBXGroup;
			children = (
				2ABE75731B9419E600298EE9 /* BroadcastBeacon */,
				2ABE758D1B9419E600298EE9 /* BroadcastBeaconTests */,
				2ABE75721B9419E600298EE9 /* Products */,
			);
			sourceTree = "<group>";
		};
		2ABE75721B9419E600298EE9 /* Products */ = {
			isa = PBXGroup;
			children = (
				2ABE75711B9419E600298EE9 /* BroadcastBeacon.app */,
				2ABE758A1B9419E600298EE9 /* BroadcastBeaconTests.xctest */,
			);
			name = Products;
			sourceTree = "<group>";
		};
		2ABE75731B9419E600298EE9 /* BroadcastBeacon */ = {
			isa = PBXGroup;
			children = (
				2ABE75781B9419E600298EE9 /* AppDelegate.h */,
				2ABE75791B9419E600298EE9 /* AppDelegate.m */,
				2ABE757E1B9419E600298EE9 /* Main.storyboard */,
				2ABE75811B9419E600298EE9 /* Images.xcassets */,
				2ABE75831B9419E600298EE9 /* LaunchScreen.xib */,
				2ABE75741B9419E600298EE9 /* Supporting Files */,
				2ABE759A1B941A1000298EE9 /* MonitoringHomeTableViewController.h */,
				2ABE759B1B941A1000298EE9 /* MonitoringHomeTableViewController.m */,
				2ABE759D1B941A2E00298EE9 /* FileViewController.h */,
				2ABE759E1B941A2E00298EE9 /* FileViewController.m */,
				2ABE75A01B941A4600298EE9 /* HTTPCommunicationViewController.h */,
				2ABE75A11B941A4600298EE9 /* HTTPCommunicationViewController.m */,
			);
			path = BroadcastBeacon;
			sourceTree = "<group>";
		};
		2ABE75741B9419E600298EE9 /* Supporting Files */ = {
			isa = PBXGroup;
			children = (
				2ABE75751B9419E600298EE9 /* Info.plist */,
				2ABE75761B9419E600298EE9 /* main.m */,
			);
			name = "Supporting Files";
			sourceTree = "<group>";
		};
		2ABE758D1B9419E600298EE9 /* BroadcastBeaconTests */ = {
			isa = PBXGroup;
			children = (
				2ABE75901B9419E600298EE9 /* BroadcastBeaconTests.m */,
				2ABE758E1B9419E600298EE9 /* Supporting Files */,
			);
			path = BroadcastBeaconTests;
			sourceTree = "<group>";
		};
		2ABE758E1B9419E600298EE9 /* Supporting Files */ = {
			isa = PBXGroup;
			children = (
				2ABE758F1B9419E600298EE9 /* Info.plist */,
			);
			name = "Supporting Files";
			sourceTree = "<group>";
		};
/* End PBXGroup section */

/* Begin PBXNativeTarget section */
		2ABE75701B9419E600298EE9 /* BroadcastBeacon */ = {
			isa = PBXNativeTarget;
			buildConfigurationList = 2ABE75941B9419E600298EE9 /* Build configuration list for PBXNativeTarget "BroadcastBeacon" */;
			buildPhases = (
				2ABE756D1B9419E600298EE9 /* Sources */,
				2ABE756E1B9419E600298EE9 /* Frameworks */,
				2ABE756F1B9419E600298EE9 /* Resources */,
			);
			buildRules = (
			);
			dependencies = (
			);
			name = BroadcastBeacon;
			productName = BroadcastBeacon;
			productReference = 2ABE75711B9419E600298EE9 /* BroadcastBeacon.app */;
			productType = "com.apple.product-type.application";
		};
		2ABE75891B9419E600298EE9 /* BroadcastBeaconTests */ = {
			isa = PBXNativeTarget;
			buildConfigurationList = 2ABE75971B9419E600298EE9 /* Build configuration list for PBXNativeTarget "BroadcastBeaconTests" */;
			buildPhases = (
				2ABE75861B9419E600298EE9 /* Sources */,
				2ABE75871B9419E600298EE9 /* Frameworks */,
				2ABE75881B9419E600298EE9 /* Resources */,
			);
			buildRules = (
			);
			dependencies = (
				2ABE758C1B9419E600298EE9 /* PBXTargetDependency */,
			);
			name = BroadcastBeaconTests;
			productName = BroadcastBeaconTests;
			productReference = 2ABE758A1B9419E600298EE9 /* BroadcastBeaconTests.xctest */;
			productType = "com.apple.product-type.bundle.unit-test";
		};
/* End PBXNativeTarget section */

/* Begin PBXProject section */
		2ABE75691B9419E600298EE9 /* Project object */ = {
			isa = PBXProject;
			attributes = {
				LastUpgradeCheck = 0640;
				ORGANIZATIONNAME = moono;
				TargetAttributes = {
					2ABE75701B9419E600298EE9 = {
						CreatedOnToolsVersion = 6.4;
					};
					2ABE75891B9419E600298EE9 = {
						CreatedOnToolsVersion = 6.4;
						TestTargetID = 2ABE75701B9419E600298EE9;
					};
				};
			};
			buildConfigurationList = 2ABE756C1B9419E600298EE9 /* Build configuration list for PBXProject "BroadcastBeacon" */;
			compatibilityVersion = "Xcode 3.2";
			developmentRegion = English;
			hasScannedForEncodings = 0;
			knownRegions = (
				en,
				Base,
			);
			mainGroup = 2ABE75681B9419E600298EE9;
			productRefGroup = 2ABE75721B9419E600298EE9 /* Products */;
			projectDirPath = "";
			projectRoot = "";
			targets = (
				2ABE75701B9419E600298EE9 /* BroadcastBeacon */,
				2ABE75891B9419E600298EE9 /* BroadcastBeaconTests */,
			);
		};
/* End PBXProject section */

/* Begin PBXResourcesBuildPhase section */
		2ABE756F1B9419E600298EE9 /* Resources */ = {
			isa = PBXResourcesBuildPhase;
			buildActionMask = 2147483647;
			files = (
				2ABE75801B9419E600298EE9 /* Main.storyboard in Resources */,
				2ABE75851B9419E600298EE9 /* LaunchScreen.xib in Resources */,
				2ABE75821B9419E600298EE9 /* Images.xcassets in Resources */,
			);
			runOnlyForDeploymentPostprocessing = 0;
		};
		2ABE75881B9419E600298EE9 /* Resources */ = {
			isa = PBXResourcesBuildPhase;
			buildActionMask = 2147483647;
			files = (
			);
			runOnlyForDeploymentPostprocessing = 0;
		};
/* End PBXResourcesBuildPhase section */

/* Begin PBXSourcesBuildPhase section */
		2ABE756D1B9419E600298EE9 /* Sources */ = {
			isa = PBXSourcesBuildPhase;
			buildActionMask = 2147483647;
			files = (
				2ABE757A1B9419E600298EE9 /* AppDelegate.m in Sources */,
				2ABE75A21B941A4700298EE9 /* HTTPCommunicationViewController.m in Sources */,
				2ABE75771B9419E600298EE9 /* main.m in Sources */,
				2ABE759F1B941A2E00298EE9 /* FileViewController.m in Sources */,
				2ABE759C1B941A1000298EE9 /* MonitoringHomeTableViewController.m in Sources */,
			);
			runOnlyForDeploymentPostprocessing = 0;
		};
		2ABE75861B9419E600298EE9 /* Sources */ = {
			isa = PBXSourcesBuildPhase;
			buildActionMask = 2147483647;
			files = (
				2ABE75911B9419E600298EE9 /* BroadcastBeaconTests.m in Sources */,
			);
			runOnlyForDeploymentPostprocessing = 0;
		};
/* End PBXSourcesBuildPhase section */

/* Begin PBXTargetDependency section */
		2ABE758C1B9419E600298EE9 /* PBXTargetDependency */ = {
			isa = PBXTargetDependency;
			target = 2ABE75701B9419E600298EE9 /* BroadcastBeacon */;
			targetProxy = 2ABE758B1B9419E600298EE9 /* PBXContainerItemProxy */;
		};
/* End PBXTargetDependency section */

/* Begin PBXVariantGroup section */
		2ABE757E1B9419E600298EE9 /* Main.storyboard */ = {
			isa = PBXVariantGroup;
			children = (
				2ABE757F1B9419E600298EE9 /* Base */,
			);
			name = Main.storyboard;
			sourceTree = "<group>";
		};
		2ABE75831B9419E600298EE9 /* LaunchScreen.xib */ = {
			isa = PBXVariantGroup;
			children = (
				2ABE75841B9419E600298EE9 /* Base */,
			);
			name = LaunchScreen.xib;
			sourceTree = "<group>";
		};
/* End PBXVariantGroup section */

/* Begin XCBuildConfiguration section */
		2ABE75921B9419E600298EE9 /* Debug */ = {
			isa = XCBuildConfiguration;
			buildSettings = {
				ALWAYS_SEARCH_USER_PATHS = NO;
				CLANG_CXX_LANGUAGE_STANDARD = "gnu++0x";
				CLANG_CXX_LIBRARY = "libc++";
				CLANG_ENABLE_MODULES = YES;
				CLANG_ENABLE_OBJC_ARC = YES;
				CLANG_WARN_BOOL_CONVERSION = YES;
				CLANG_WARN_CONSTANT_CONVERSION = YES;
				CLANG_WARN_DIRECT_OBJC_ISA_USAGE = YES_ERROR;
				CLANG_WARN_EMPTY_BODY = YES;
				CLANG_WARN_ENUM_CONVERSION = YES;
				CLANG_WARN_INT_CONVERSION = YES;
				CLANG_WARN_OBJC_ROOT_CLASS = YES_ERROR;
				CLANG_WARN_UNREACHABLE_CODE = YES;
				CLANG_WARN__DUPLICATE_METHOD_MATCH = YES;
				"CODE_SIGN_IDENTITY[sdk=iphoneos*]" = "iPhone Developer";
				COPY_PHASE_STRIP = NO;
				DEBUG_INFORMATION_FORMAT = "dwarf-with-dsym";
				ENABLE_STRICT_OBJC_MSGSEND = YES;
				GCC_C_LANGUAGE_STANDARD = gnu99;
				GCC_DYNAMIC_NO_PIC = NO;
				GCC_NO_COMMON_BLOCKS = YES;
				GCC_OPTIMIZATION_LEVEL = 0;
				GCC_PREPROCESSOR_DEFINITIONS = (
					"DEBUG=1",
					"$(inherited)",
				);
				GCC_SYMBOLS_PRIVATE_EXTERN = NO;
				GCC_WARN_64_TO_32_BIT_CONVERSION = YES;
				GCC_WARN_ABOUT_RETURN_TYPE = YES_ERROR;
				GCC_WARN_UNDECLARED_SELECTOR = YES;
				GCC_WARN_UNINITIALIZED_AUTOS = YES_AGGRESSIVE;
				GCC_WARN_UNUSED_FUNCTION = YES;
				GCC_WARN_UNUSED_VARIABLE = YES;
				IPHONEOS_DEPLOYMENT_TARGET = 8.4;
				MTL_ENABLE_DEBUG_INFO = YES;
				ONLY_ACTIVE_ARCH = YES;
				SDKROOT = iphoneos;
			};
			name = Debug;
		};
		2ABE75931B9419E600298EE9 /* Release */ = {
			isa = XCBuildConfiguration;
			buildSettings = {
				ALWAYS_SEARCH_USER_PATHS = NO;
				CLANG_CXX_LANGUAGE_STANDARD = "gnu++0x";
				CLANG_CXX_LIBRARY = "libc++";
				CLANG_ENABLE_MODULES = YES;
				CLANG_ENABLE_OBJC_ARC = YES;
				CLANG_WARN_BOOL_CONVERSION = YES;
				CLANG_WARN_CONSTANT_CONVERSION = YES;
				CLANG_WARN_DIRECT_OBJC_ISA_USAGE = YES_ERROR;
				CLANG_WARN_EMPTY_BODY = YES;
				CLANG_WARN_ENUM_CONVERSION = YES;
				CLANG_WARN_INT_CONVERSION = YES;
				CLANG_WARN_OBJC_ROOT_CLASS = YES_ERROR;
				CLANG_WARN_UNREACHABLE_CODE = YES;
				CLANG_WARN__DUPLICATE_METHOD_MATCH = YES;
				"CODE_SIGN_IDENTITY[sdk=iphoneos*]" = "iPhone Developer";
				COPY_PHASE_STRIP = NO;
				DEBUG_INFORMATION_FORMAT = "dwarf-with-dsym";
				ENABLE_NS_ASSERTIONS = NO;
				ENABLE_STRICT_OBJC_MSGSEND = YES;
				GCC_C_LANGUAGE_STANDARD = gnu99;
				GCC_NO_COMMON_BLOCKS = YES;
				GCC_WARN_64_TO_32_BIT_CONVERSION = YES;
				GCC_WARN_ABOUT_RETURN_TYPE = YES_ERROR;
				GCC_WARN_UNDECLARED_SELECTOR = YES;
				GCC_WARN_UNINITIALIZED_AUTOS = YES_AGGRESSIVE;
				GCC_WARN_UNUSED_FUNCTION = YES;
				GCC_WARN_UNUSED_VARIABLE = YES;
				IPHONEOS_DEPLOYMENT_TARGET = 8.4;
				MTL_ENABLE_DEBUG_INFO = NO;
				SDKROOT = iphoneos;
				VALIDATE_PRODUCT = YES;
			};
			name = Release;
		};
		2ABE75951B9419E600298EE9 /* Debug */ = {
			isa = XCBuildConfiguration;
			buildSettings = {
				ASSETCATALOG_COMPILER_APPICON_NAME = AppIcon;
				INFOPLIST_FILE = BroadcastBeacon/Info.plist;
				LD_RUNPATH_SEARCH_PATHS = "$(inherited) @executable_path/Frameworks";
				PRODUCT_NAME = "$(TARGET_NAME)";
			};
			name = Debug;
		};
		2ABE75961B9419E600298EE9 /* Release */ = {
			isa = XCBuildConfiguration;
			buildSettings = {
				ASSETCATALOG_COMPILER_APPICON_NAME = AppIcon;
				INFOPLIST_FILE = BroadcastBeacon/Info.plist;
				LD_RUNPATH_SEARCH_PATHS = "$(inherited) @executable_path/Frameworks";
				PRODUCT_NAME = "$(TARGET_NAME)";
			};
			name = Release;
		};
		2ABE75981B9419E600298EE9 /* Debug */ = {
			isa = XCBuildConfiguration;
			buildSettings = {
				BUNDLE_LOADER = "$(TEST_HOST)";
				FRAMEWORK_SEARCH_PATHS = (
					"$(SDKROOT)/Developer/Library/Frameworks",
					"$(inherited)",
				);
				GCC_PREPROCESSOR_DEFINITIONS = (
					"DEBUG=1",
					"$(inherited)",
				);
				INFOPLIST_FILE = BroadcastBeaconTests/Info.plist;
				LD_RUNPATH_SEARCH_PATHS = "$(inherited) @executable_path/Frameworks @loader_path/Frameworks";
				PRODUCT_NAME = "$(TARGET_NAME)";
				TEST_HOST = "$(BUILT_PRODUCTS_DIR)/BroadcastBeacon.app/BroadcastBeacon";
			};
			name = Debug;
		};
		2ABE75991B9419E600298EE9 /* Release */ = {
			isa = XCBuildConfiguration;
			buildSettings = {
				BUNDLE_LOADER = "$(TEST_HOST)";
				FRAMEWORK_SEARCH_PATHS = (
					"$(SDKROOT)/Developer/Library/Frameworks",
					"$(inherited)",
				);
				INFOPLIST_FILE = BroadcastBeaconTests/Info.plist;
				LD_RUNPATH_SEARCH_PATHS = "$(inherited) @executable_path/Frameworks @loader_path/Frameworks";
				PRODUCT_NAME = "$(TARGET_NAME)";
				TEST_HOST = "$(BUILT_PRODUCTS_DIR)/BroadcastBeacon.app/BroadcastBeacon";
			};
			name = Release;
		};
/* End XCBuildConfiguration section */

/* Begin XCConfigurationList section */
		2ABE756C1B9419E600298EE9 /* Build configuration list for PBXProject "BroadcastBeacon" */ = {
			isa = XCConfigurationList;
			buildConfigurations = (
				2ABE75921B9419E600298EE9 /* Debug */,
				2ABE75931B9419E600298EE9 /* Release */,
			);
			defaultConfigurationIsVisible = 0;
			defaultConfigurationName = Release;
		};
		2ABE75941B9419E600298EE9 /* Build configuration list for PBXNativeTarget "BroadcastBeacon" */ = {
			isa = XCConfigurationList;
			buildConfigurations = (
				2ABE75951B9419E600298EE9 /* Debug */,
				2ABE75961B9419E600298EE9 /* Release */,
			);
			defaultConfigurationIsVisible = 0;
		};
		2ABE75971B9419E600298EE9 /* Build configuration list for PBXNativeTarget "BroadcastBeaconTests" */ = {
			isa = XCConfigurationList;
			buildConfigurations = (
				2ABE75981B9419E600298EE9 /* Debug */,
				2ABE75991B9419E600298EE9 /* Release */,
			);
			defaultConfigurationIsVisible = 0;
		};
/* End XCConfigurationList section */
	};
	rootObject = 2ABE75691B9419E600298EE9 /* Project object */;
}
